// !$*UTF8*$!
{
	archiveVersion = 1;
	classes = {
	};
	objectVersion = 56;
	objects = {

/* Begin PBXBuildFile section */
		2F8D92122B1B8CA600E525CA /* CodesSubmissionApplicationApp.swift in Sources */ = {isa = PBXBuildFile; fileRef = 2F8D92112B1B8CA600E525CA /* CodesSubmissionApplicationApp.swift */; };
		2F8D92142B1B8CA600E525CA /* LanguageList.swift in Sources */ = {isa = PBXBuildFile; fileRef = 2F8D92132B1B8CA600E525CA /* LanguageList.swift */; };
		2F8D92162B1B8CA800E525CA /* Assets.xcassets in Resources */ = {isa = PBXBuildFile; fileRef = 2F8D92152B1B8CA800E525CA /* Assets.xcassets */; };
		2F8D92192B1B8CA800E525CA /* Preview Assets.xcassets in Resources */ = {isa = PBXBuildFile; fileRef = 2F8D92182B1B8CA800E525CA /* Preview Assets.xcassets */; };
		2F8D92232B1B91AE00E525CA /* LinearGradient+Extensions.swift in Sources */ = {isa = PBXBuildFile; fileRef = 2F8D92222B1B91AE00E525CA /* LinearGradient+Extensions.swift */; };
		2F8D92252B1B920C00E525CA /* Color+Extensions.swift in Sources */ = {isa = PBXBuildFile; fileRef = 2F8D92242B1B920C00E525CA /* Color+Extensions.swift */; };
		2F8D922E2B1B939B00E525CA /* LanguageModel.swift in Sources */ = {isa = PBXBuildFile; fileRef = 2F8D922D2B1B939B00E525CA /* LanguageModel.swift */; };
		2F8D92302B1B93E900E525CA /* MainViewModel.swift in Sources */ = {isa = PBXBuildFile; fileRef = 2F8D922F2B1B93E900E525CA /* MainViewModel.swift */; };
		2F8D92322B1B942400E525CA /* CodeCell.swift in Sources */ = {isa = PBXBuildFile; fileRef = 2F8D92312B1B942400E525CA /* CodeCell.swift */; };
		2F8D92342B1B9F3800E525CA /* LanguageDetails.swift in Sources */ = {isa = PBXBuildFile; fileRef = 2F8D92332B1B9F3800E525CA /* LanguageDetails.swift */; };
		2F8D92392B1CA02800E525CA /* APIManager.swift in Sources */ = {isa = PBXBuildFile; fileRef = 2F8D92382B1CA02800E525CA /* APIManager.swift */; };
		2F8D923B2B1CA03500E525CA /* APIErrors.swift in Sources */ = {isa = PBXBuildFile; fileRef = 2F8D923A2B1CA03500E525CA /* APIErrors.swift */; };
		2F8D923D2B1CA06400E525CA /* Double+Extensions.swift in Sources */ = {isa = PBXBuildFile; fileRef = 2F8D923C2B1CA06400E525CA /* Double+Extensions.swift */; };
		2F8D923F2B1CA07C00E525CA /* String+Extensions.swift in Sources */ = {isa = PBXBuildFile; fileRef = 2F8D923E2B1CA07C00E525CA /* String+Extensions.swift */; };
		2F8D92412B1CA0E900E525CA /* CollectionEntity.swift in Sources */ = {isa = PBXBuildFile; fileRef = 2F8D92402B1CA0E900E525CA /* CollectionEntity.swift */; };
		2F8D92432B1CA0F500E525CA /* LanguageEntity.swift in Sources */ = {isa = PBXBuildFile; fileRef = 2F8D92422B1CA0F500E525CA /* LanguageEntity.swift */; };
/* End PBXBuildFile section */

/* Begin PBXFileReference section */
		2F8D920E2B1B8CA600E525CA /* CodesSubmissionApplication.app */ = {isa = PBXFileReference; explicitFileType = wrapper.application; includeInIndex = 0; path = CodesSubmissionApplication.app; sourceTree = BUILT_PRODUCTS_DIR; };
		2F8D92112B1B8CA600E525CA /* CodesSubmissionApplicationApp.swift */ = {isa = PBXFileReference; lastKnownFileType = sourcecode.swift; path = CodesSubmissionApplicationApp.swift; sourceTree = "<group>"; };
		2F8D92132B1B8CA600E525CA /* LanguageList.swift */ = {isa = PBXFileReference; lastKnownFileType = sourcecode.swift; path = LanguageList.swift; sourceTree = "<group>"; };
		2F8D92152B1B8CA800E525CA /* Assets.xcassets */ = {isa = PBXFileReference; lastKnownFileType = folder.assetcatalog; path = Assets.xcassets; sourceTree = "<group>"; };
		2F8D92182B1B8CA800E525CA /* Preview Assets.xcassets */ = {isa = PBXFileReference; lastKnownFileType = folder.assetcatalog; path = "Preview Assets.xcassets"; sourceTree = "<group>"; };
		2F8D92222B1B91AE00E525CA /* LinearGradient+Extensions.swift */ = {isa = PBXFileReference; lastKnownFileType = sourcecode.swift; path = "LinearGradient+Extensions.swift"; sourceTree = "<group>"; };
		2F8D92242B1B920C00E525CA /* Color+Extensions.swift */ = {isa = PBXFileReference; lastKnownFileType = sourcecode.swift; path = "Color+Extensions.swift"; sourceTree = "<group>"; };
		2F8D922D2B1B939B00E525CA /* LanguageModel.swift */ = {isa = PBXFileReference; lastKnownFileType = sourcecode.swift; path = LanguageModel.swift; sourceTree = "<group>"; };
		2F8D922F2B1B93E900E525CA /* MainViewModel.swift */ = {isa = PBXFileReference; lastKnownFileType = sourcecode.swift; path = MainViewModel.swift; sourceTree = "<group>"; };
		2F8D92312B1B942400E525CA /* CodeCell.swift */ = {isa = PBXFileReference; lastKnownFileType = sourcecode.swift; path = CodeCell.swift; sourceTree = "<group>"; };
		2F8D92332B1B9F3800E525CA /* LanguageDetails.swift */ = {isa = PBXFileReference; lastKnownFileType = sourcecode.swift; path = LanguageDetails.swift; sourceTree = "<group>"; };
		2F8D92382B1CA02800E525CA /* APIManager.swift */ = {isa = PBXFileReference; lastKnownFileType = sourcecode.swift; path = APIManager.swift; sourceTree = "<group>"; };
		2F8D923A2B1CA03500E525CA /* APIErrors.swift */ = {isa = PBXFileReference; lastKnownFileType = sourcecode.swift; path = APIErrors.swift; sourceTree = "<group>"; };
		2F8D923C2B1CA06400E525CA /* Double+Extensions.swift */ = {isa = PBXFileReference; lastKnownFileType = sourcecode.swift; path = "Double+Extensions.swift"; sourceTree = "<group>"; };
		2F8D923E2B1CA07C00E525CA /* String+Extensions.swift */ = {isa = PBXFileReference; lastKnownFileType = sourcecode.swift; path = "String+Extensions.swift"; sourceTree = "<group>"; };
		2F8D92402B1CA0E900E525CA /* CollectionEntity.swift */ = {isa = PBXFileReference; lastKnownFileType = sourcecode.swift; path = CollectionEntity.swift; sourceTree = "<group>"; };
		2F8D92422B1CA0F500E525CA /* LanguageEntity.swift */ = {isa = PBXFileReference; lastKnownFileType = sourcecode.swift; path = LanguageEntity.swift; sourceTree = "<group>"; };
/* End PBXFileReference section */

/* Begin PBXFrameworksBuildPhase section */
		2F8D920B2B1B8CA600E525CA /* Frameworks */ = {
			isa = PBXFrameworksBuildPhase;
			buildActionMask = 2147483647;
			files = (
			);
			runOnlyForDeploymentPostprocessing = 0;
		};
/* End PBXFrameworksBuildPhase section */

/* Begin PBXGroup section */
		2F8D92052B1B8CA600E525CA = {
			isa = PBXGroup;
			children = (
				2F8D92102B1B8CA600E525CA /* CodesSubmissionApplication */,
				2F8D920F2B1B8CA600E525CA /* Products */,
			);
			sourceTree = "<group>";
		};
		2F8D920F2B1B8CA600E525CA /* Products */ = {
			isa = PBXGroup;
			children = (
				2F8D920E2B1B8CA600E525CA /* CodesSubmissionApplication.app */,
			);
			name = Products;
			sourceTree = "<group>";
		};
		2F8D92102B1B8CA600E525CA /* CodesSubmissionApplication */ = {
			isa = PBXGroup;
			children = (
				2F8D92362B1C9FCB00E525CA /* Entities */,
				2F8D92352B1C9FBF00E525CA /* Services */,
				2F8D92212B1B90B700E525CA /* Screens */,
				2F8D92202B1B90AC00E525CA /* Extensions */,
				2F8D921F2B1B8D3400E525CA /* Application */,
				2F8D92172B1B8CA800E525CA /* Preview Content */,
			);
			path = CodesSubmissionApplication;
			sourceTree = "<group>";
		};
		2F8D92172B1B8CA800E525CA /* Preview Content */ = {
			isa = PBXGroup;
			children = (
				2F8D92182B1B8CA800E525CA /* Preview Assets.xcassets */,
			);
			path = "Preview Content";
			sourceTree = "<group>";
		};
		2F8D921F2B1B8D3400E525CA /* Application */ = {
			isa = PBXGroup;
			children = (
				2F8D92152B1B8CA800E525CA /* Assets.xcassets */,
				2F8D92112B1B8CA600E525CA /* CodesSubmissionApplicationApp.swift */,
			);
			path = Application;
			sourceTree = "<group>";
		};
		2F8D92202B1B90AC00E525CA /* Extensions */ = {
			isa = PBXGroup;
			children = (
				2F8D92222B1B91AE00E525CA /* LinearGradient+Extensions.swift */,
				2F8D92242B1B920C00E525CA /* Color+Extensions.swift */,
				2F8D923C2B1CA06400E525CA /* Double+Extensions.swift */,
				2F8D923E2B1CA07C00E525CA /* String+Extensions.swift */,
			);
			path = Extensions;
			sourceTree = "<group>";
		};
		2F8D92212B1B90B700E525CA /* Screens */ = {
			isa = PBXGroup;
			children = (
				2F8D92272B1B92F100E525CA /* MainScreen */,
			);
			path = Screens;
			sourceTree = "<group>";
		};
		2F8D92272B1B92F100E525CA /* MainScreen */ = {
			isa = PBXGroup;
			children = (
				2F8D92292B1B930D00E525CA /* LanguageDetails */,
				2F8D92282B1B930000E525CA /* LanguageList */,
			);
			path = MainScreen;
			sourceTree = "<group>";
		};
		2F8D92282B1B930000E525CA /* LanguageList */ = {
			isa = PBXGroup;
			children = (
				2F8D922C2B1B937F00E525CA /* ViewModel */,
				2F8D922B2B1B937000E525CA /* View */,
				2F8D922A2B1B935C00E525CA /* Model */,
			);
			path = LanguageList;
			sourceTree = "<group>";
		};
		2F8D92292B1B930D00E525CA /* LanguageDetails */ = {
			isa = PBXGroup;
			children = (
				2F8D92332B1B9F3800E525CA /* LanguageDetails.swift */,
			);
			path = LanguageDetails;
			sourceTree = "<group>";
		};
		2F8D922A2B1B935C00E525CA /* Model */ = {
			isa = PBXGroup;
			children = (
				2F8D922D2B1B939B00E525CA /* LanguageModel.swift */,
			);
			path = Model;
			sourceTree = "<group>";
		};
		2F8D922B2B1B937000E525CA /* View */ = {
			isa = PBXGroup;
			children = (
				2F8D92132B1B8CA600E525CA /* LanguageList.swift */,
				2F8D92312B1B942400E525CA /* CodeCell.swift */,
			);
			path = View;
			sourceTree = "<group>";
		};
		2F8D922C2B1B937F00E525CA /* ViewModel */ = {
			isa = PBXGroup;
			children = (
				2F8D922F2B1B93E900E525CA /* MainViewModel.swift */,
			);
			path = ViewModel;
			sourceTree = "<group>";
		};
		2F8D92352B1C9FBF00E525CA /* Services */ = {
			isa = PBXGroup;
			children = (
				2F8D92372B1CA00900E525CA /* Network */,
			);
			path = Services;
			sourceTree = "<group>";
		};
		2F8D92362B1C9FCB00E525CA /* Entities */ = {
			isa = PBXGroup;
			children = (
				2F8D92402B1CA0E900E525CA /* CollectionEntity.swift */,
				2F8D92422B1CA0F500E525CA /* LanguageEntity.swift */,
			);
			path = Entities;
			sourceTree = "<group>";
		};
		2F8D92372B1CA00900E525CA /* Network */ = {
			isa = PBXGroup;
			children = (
				2F8D92382B1CA02800E525CA /* APIManager.swift */,
				2F8D923A2B1CA03500E525CA /* APIErrors.swift */,
			);
			path = Network;
			sourceTree = "<group>";
		};
/* End PBXGroup section */

/* Begin PBXNativeTarget section */
		2F8D920D2B1B8CA600E525CA /* CodesSubmissionApplication */ = {
			isa = PBXNativeTarget;
			buildConfigurationList = 2F8D921C2B1B8CA800E525CA /* Build configuration list for PBXNativeTarget "CodesSubmissionApplication" */;
			buildPhases = (
				2F8D920A2B1B8CA600E525CA /* Sources */,
				2F8D920B2B1B8CA600E525CA /* Frameworks */,
				2F8D920C2B1B8CA600E525CA /* Resources */,
			);
			buildRules = (
			);
			dependencies = (
			);
			name = CodesSubmissionApplication;
			productName = CodesSubmissionApplication;
			productReference = 2F8D920E2B1B8CA600E525CA /* CodesSubmissionApplication.app */;
			productType = "com.apple.product-type.application";
		};
/* End PBXNativeTarget section */

/* Begin PBXProject section */
		2F8D92062B1B8CA600E525CA /* Project object */ = {
			isa = PBXProject;
			attributes = {
				BuildIndependentTargetsInParallel = 1;
				LastSwiftUpdateCheck = 1500;
				LastUpgradeCheck = 1500;
				TargetAttributes = {
					2F8D920D2B1B8CA600E525CA = {
						CreatedOnToolsVersion = 15.0.1;
					};
				};
			};
			buildConfigurationList = 2F8D92092B1B8CA600E525CA /* Build configuration list for PBXProject "CodesSubmissionApplication" */;
			compatibilityVersion = "Xcode 14.0";
			developmentRegion = en;
			hasScannedForEncodings = 0;
			knownRegions = (
				en,
				Base,
			);
			mainGroup = 2F8D92052B1B8CA600E525CA;
			productRefGroup = 2F8D920F2B1B8CA600E525CA /* Products */;
			projectDirPath = "";
			projectRoot = "";
			targets = (
				2F8D920D2B1B8CA600E525CA /* CodesSubmissionApplication */,
			);
		};
/* End PBXProject section */

/* Begin PBXResourcesBuildPhase section */
		2F8D920C2B1B8CA600E525CA /* Resources */ = {
			isa = PBXResourcesBuildPhase;
			buildActionMask = 2147483647;
			files = (
				2F8D92192B1B8CA800E525CA /* Preview Assets.xcassets in Resources */,
				2F8D92162B1B8CA800E525CA /* Assets.xcassets in Resources */,
			);
			runOnlyForDeploymentPostprocessing = 0;
		};
/* End PBXResourcesBuildPhase section */

/* Begin PBXSourcesBuildPhase section */
		2F8D920A2B1B8CA600E525CA /* Sources */ = {
			isa = PBXSourcesBuildPhase;
			buildActionMask = 2147483647;
			files = (
				2F8D92432B1CA0F500E525CA /* LanguageEntity.swift in Sources */,
				2F8D92412B1CA0E900E525CA /* CollectionEntity.swift in Sources */,
				2F8D92142B1B8CA600E525CA /* LanguageList.swift in Sources */,
				2F8D92122B1B8CA600E525CA /* CodesSubmissionApplicationApp.swift in Sources */,
				2F8D92342B1B9F3800E525CA /* LanguageDetails.swift in Sources */,
				2F8D92392B1CA02800E525CA /* APIManager.swift in Sources */,
				2F8D923F2B1CA07C00E525CA /* String+Extensions.swift in Sources */,
				2F8D92232B1B91AE00E525CA /* LinearGradient+Extensions.swift in Sources */,
				2F8D923B2B1CA03500E525CA /* APIErrors.swift in Sources */,
				2F8D92252B1B920C00E525CA /* Color+Extensions.swift in Sources */,
				2F8D922E2B1B939B00E525CA /* LanguageModel.swift in Sources */,
				2F8D92302B1B93E900E525CA /* MainViewModel.swift in Sources */,
				2F8D923D2B1CA06400E525CA /* Double+Extensions.swift in Sources */,
				2F8D92322B1B942400E525CA /* CodeCell.swift in Sources */,
			);
			runOnlyForDeploymentPostprocessing = 0;
		};
/* End PBXSourcesBuildPhase section */

/* Begin XCBuildConfiguration section */
		2F8D921A2B1B8CA800E525CA /* Debug */ = {
			isa = XCBuildConfiguration;
			buildSettings = {
				ALWAYS_SEARCH_USER_PATHS = NO;
				ASSETCATALOG_COMPILER_GENERATE_SWIFT_ASSET_SYMBOL_EXTENSIONS = YES;
				CLANG_ANALYZER_NONNULL = YES;
				CLANG_ANALYZER_NUMBER_OBJECT_CONVERSION = YES_AGGRESSIVE;
				CLANG_CXX_LANGUAGE_STANDARD = "gnu++20";
				CLANG_ENABLE_MODULES = YES;
				CLANG_ENABLE_OBJC_ARC = YES;
				CLANG_ENABLE_OBJC_WEAK = YES;
				CLANG_WARN_BLOCK_CAPTURE_AUTORELEASING = YES;
				CLANG_WARN_BOOL_CONVERSION = YES;
				CLANG_WARN_COMMA = YES;
				CLANG_WARN_CONSTANT_CONVERSION = YES;
				CLANG_WARN_DEPRECATED_OBJC_IMPLEMENTATIONS = YES;
				CLANG_WARN_DIRECT_OBJC_ISA_USAGE = YES_ERROR;
				CLANG_WARN_DOCUMENTATION_COMMENTS = YES;
				CLANG_WARN_EMPTY_BODY = YES;
				CLANG_WARN_ENUM_CONVERSION = YES;
				CLANG_WARN_INFINITE_RECURSION = YES;
				CLANG_WARN_INT_CONVERSION = YES;
				CLANG_WARN_NON_LITERAL_NULL_CONVERSION = YES;
				CLANG_WARN_OBJC_IMPLICIT_RETAIN_SELF = YES;
				CLANG_WARN_OBJC_LITERAL_CONVERSION = YES;
				CLANG_WARN_OBJC_ROOT_CLASS = YES_ERROR;
				CLANG_WARN_QUOTED_INCLUDE_IN_FRAMEWORK_HEADER = YES;
				CLANG_WARN_RANGE_LOOP_ANALYSIS = YES;
				CLANG_WARN_STRICT_PROTOTYPES = YES;
				CLANG_WARN_SUSPICIOUS_MOVE = YES;
				CLANG_WARN_UNGUARDED_AVAILABILITY = YES_AGGRESSIVE;
				CLANG_WARN_UNREACHABLE_CODE = YES;
				CLANG_WARN__DUPLICATE_METHOD_MATCH = YES;
				COPY_PHASE_STRIP = NO;
				DEBUG_INFORMATION_FORMAT = dwarf;
				ENABLE_STRICT_OBJC_MSGSEND = YES;
				ENABLE_TESTABILITY = YES;
				ENABLE_USER_SCRIPT_SANDBOXING = YES;
				GCC_C_LANGUAGE_STANDARD = gnu17;
				GCC_DYNAMIC_NO_PIC = NO;
				GCC_NO_COMMON_BLOCKS = YES;
				GCC_OPTIMIZATION_LEVEL = 0;
				GCC_PREPROCESSOR_DEFINITIONS = (
					"DEBUG=1",
					"$(inherited)",
				);
				GCC_WARN_64_TO_32_BIT_CONVERSION = YES;
				GCC_WARN_ABOUT_RETURN_TYPE = YES_ERROR;
				GCC_WARN_UNDECLARED_SELECTOR = YES;
				GCC_WARN_UNINITIALIZED_AUTOS = YES_AGGRESSIVE;
				GCC_WARN_UNUSED_FUNCTION = YES;
				GCC_WARN_UNUSED_VARIABLE = YES;
				IPHONEOS_DEPLOYMENT_TARGET = 17.0;
				LOCALIZATION_PREFERS_STRING_CATALOGS = YES;
				MTL_ENABLE_DEBUG_INFO = INCLUDE_SOURCE;
				MTL_FAST_MATH = YES;
				ONLY_ACTIVE_ARCH = YES;
				SDKROOT = iphoneos;
				SWIFT_ACTIVE_COMPILATION_CONDITIONS = "DEBUG $(inherited)";
				SWIFT_OPTIMIZATION_LEVEL = "-Onone";
			};
			name = Debug;
		};
		2F8D921B2B1B8CA800E525CA /* Release */ = {
			isa = XCBuildConfiguration;
			buildSettings = {
				ALWAYS_SEARCH_USER_PATHS = NO;
				ASSETCATALOG_COMPILER_GENERATE_SWIFT_ASSET_SYMBOL_EXTENSIONS = YES;
				CLANG_ANALYZER_NONNULL = YES;
				CLANG_ANALYZER_NUMBER_OBJECT_CONVERSION = YES_AGGRESSIVE;
				CLANG_CXX_LANGUAGE_STANDARD = "gnu++20";
				CLANG_ENABLE_MODULES = YES;
				CLANG_ENABLE_OBJC_ARC = YES;
				CLANG_ENABLE_OBJC_WEAK = YES;
				CLANG_WARN_BLOCK_CAPTURE_AUTORELEASING = YES;
				CLANG_WARN_BOOL_CONVERSION = YES;
				CLANG_WARN_COMMA = YES;
				CLANG_WARN_CONSTANT_CONVERSION = YES;
				CLANG_WARN_DEPRECATED_OBJC_IMPLEMENTATIONS = YES;
				CLANG_WARN_DIRECT_OBJC_ISA_USAGE = YES_ERROR;
				CLANG_WARN_DOCUMENTATION_COMMENTS = YES;
				CLANG_WARN_EMPTY_BODY = YES;
				CLANG_WARN_ENUM_CONVERSION = YES;
				CLANG_WARN_INFINITE_RECURSION = YES;
				CLANG_WARN_INT_CONVERSION = YES;
				CLANG_WARN_NON_LITERAL_NULL_CONVERSION = YES;
				CLANG_WARN_OBJC_IMPLICIT_RETAIN_SELF = YES;
				CLANG_WARN_OBJC_LITERAL_CONVERSION = YES;
				CLANG_WARN_OBJC_ROOT_CLASS = YES_ERROR;
				CLANG_WARN_QUOTED_INCLUDE_IN_FRAMEWORK_HEADER = YES;
				CLANG_WARN_RANGE_LOOP_ANALYSIS = YES;
				CLANG_WARN_STRICT_PROTOTYPES = YES;
				CLANG_WARN_SUSPICIOUS_MOVE = YES;
				CLANG_WARN_UNGUARDED_AVAILABILITY = YES_AGGRESSIVE;
				CLANG_WARN_UNREACHABLE_CODE = YES;
				CLANG_WARN__DUPLICATE_METHOD_MATCH = YES;
				COPY_PHASE_STRIP = NO;
				DEBUG_INFORMATION_FORMAT = "dwarf-with-dsym";
				ENABLE_NS_ASSERTIONS = NO;
				ENABLE_STRICT_OBJC_MSGSEND = YES;
				ENABLE_USER_SCRIPT_SANDBOXING = YES;
				GCC_C_LANGUAGE_STANDARD = gnu17;
				GCC_NO_COMMON_BLOCKS = YES;
				GCC_WARN_64_TO_32_BIT_CONVERSION = YES;
				GCC_WARN_ABOUT_RETURN_TYPE = YES_ERROR;
				GCC_WARN_UNDECLARED_SELECTOR = YES;
				GCC_WARN_UNINITIALIZED_AUTOS = YES_AGGRESSIVE;
				GCC_WARN_UNUSED_FUNCTION = YES;
				GCC_WARN_UNUSED_VARIABLE = YES;
				IPHONEOS_DEPLOYMENT_TARGET = 17.0;
				LOCALIZATION_PREFERS_STRING_CATALOGS = YES;
				MTL_ENABLE_DEBUG_INFO = NO;
				MTL_FAST_MATH = YES;
				SDKROOT = iphoneos;
				SWIFT_COMPILATION_MODE = wholemodule;
				VALIDATE_PRODUCT = YES;
			};
			name = Release;
		};
		2F8D921D2B1B8CA800E525CA /* Debug */ = {
			isa = XCBuildConfiguration;
			buildSettings = {
				ASSETCATALOG_COMPILER_APPICON_NAME = AppIcon;
				ASSETCATALOG_COMPILER_GLOBAL_ACCENT_COLOR_NAME = AccentColor;
				CODE_SIGN_STYLE = Automatic;
				CURRENT_PROJECT_VERSION = 1;
				DEVELOPMENT_ASSET_PATHS = "\"CodesSubmissionApplication/Preview Content\"";
				DEVELOPMENT_TEAM = T2MQ3M2G55;
				ENABLE_PREVIEWS = YES;
				GENERATE_INFOPLIST_FILE = YES;
				INFOPLIST_KEY_UIApplicationSceneManifest_Generation = YES;
				INFOPLIST_KEY_UIApplicationSupportsIndirectInputEvents = YES;
				INFOPLIST_KEY_UILaunchScreen_Generation = YES;
				INFOPLIST_KEY_UISupportedInterfaceOrientations_iPad = "UIInterfaceOrientationPortrait UIInterfaceOrientationPortraitUpsideDown UIInterfaceOrientationLandscapeLeft UIInterfaceOrientationLandscapeRight";
				INFOPLIST_KEY_UISupportedInterfaceOrientations_iPhone = "UIInterfaceOrientationPortrait UIInterfaceOrientationLandscapeLeft UIInterfaceOrientationLandscapeRight";
				LD_RUNPATH_SEARCH_PATHS = (
					"$(inherited)",
					"@executable_path/Frameworks",
				);
				MARKETING_VERSION = 1.0;
				PRODUCT_BUNDLE_IDENTIFIER = com.github.Mlechny.CodesSubmissionApplication;
				PRODUCT_NAME = "$(TARGET_NAME)";
				SWIFT_EMIT_LOC_STRINGS = YES;
				SWIFT_VERSION = 5.0;
				TARGETED_DEVICE_FAMILY = "1,2";
			};
			name = Debug;
		};
		2F8D921E2B1B8CA800E525CA /* Release */ = {
			isa = XCBuildConfiguration;
			buildSettings = {
				ASSETCATALOG_COMPILER_APPICON_NAME = AppIcon;
				ASSETCATALOG_COMPILER_GLOBAL_ACCENT_COLOR_NAME = AccentColor;
				CODE_SIGN_STYLE = Automatic;
				CURRENT_PROJECT_VERSION = 1;
				DEVELOPMENT_ASSET_PATHS = "\"CodesSubmissionApplication/Preview Content\"";
				DEVELOPMENT_TEAM = T2MQ3M2G55;
				ENABLE_PREVIEWS = YES;
				GENERATE_INFOPLIST_FILE = YES;
				INFOPLIST_KEY_UIApplicationSceneManifest_Generation = YES;
				INFOPLIST_KEY_UIApplicationSupportsIndirectInputEvents = YES;
				INFOPLIST_KEY_UILaunchScreen_Generation = YES;
				INFOPLIST_KEY_UISupportedInterfaceOrientations_iPad = "UIInterfaceOrientationPortrait UIInterfaceOrientationPortraitUpsideDown UIInterfaceOrientationLandscapeLeft UIInterfaceOrientationLandscapeRight";
				INFOPLIST_KEY_UISupportedInterfaceOrientations_iPhone = "UIInterfaceOrientationPortrait UIInterfaceOrientationLandscapeLeft UIInterfaceOrientationLandscapeRight";
				LD_RUNPATH_SEARCH_PATHS = (
					"$(inherited)",
					"@executable_path/Frameworks",
				);
				MARKETING_VERSION = 1.0;
				PRODUCT_BUNDLE_IDENTIFIER = com.github.Mlechny.CodesSubmissionApplication;
				PRODUCT_NAME = "$(TARGET_NAME)";
				SWIFT_EMIT_LOC_STRINGS = YES;
				SWIFT_VERSION = 5.0;
				TARGETED_DEVICE_FAMILY = "1,2";
			};
			name = Release;
		};
/* End XCBuildConfiguration section */

/* Begin XCConfigurationList section */
		2F8D92092B1B8CA600E525CA /* Build configuration list for PBXProject "CodesSubmissionApplication" */ = {
			isa = XCConfigurationList;
			buildConfigurations = (
				2F8D921A2B1B8CA800E525CA /* Debug */,
				2F8D921B2B1B8CA800E525CA /* Release */,
			);
			defaultConfigurationIsVisible = 0;
			defaultConfigurationName = Release;
		};
		2F8D921C2B1B8CA800E525CA /* Build configuration list for PBXNativeTarget "CodesSubmissionApplication" */ = {
			isa = XCConfigurationList;
			buildConfigurations = (
				2F8D921D2B1B8CA800E525CA /* Debug */,
				2F8D921E2B1B8CA800E525CA /* Release */,
			);
			defaultConfigurationIsVisible = 0;
			defaultConfigurationName = Release;
		};
/* End XCConfigurationList section */
	};
	rootObject = 2F8D92062B1B8CA600E525CA /* Project object */;
}
